// !$*UTF8*$!
{
	archiveVersion = 1;
	classes = {
	};
	objectVersion = 48;
	objects = {

/* Begin PBXBuildFile section */
		1868E5382032CFDD00A466D1 /* AppDelegate.swift in Sources */ = {isa = PBXBuildFile; fileRef = 1868E5372032CFDD00A466D1 /* AppDelegate.swift */; };
		1868E53A2032CFDD00A466D1 /* ViewController.swift in Sources */ = {isa = PBXBuildFile; fileRef = 1868E5392032CFDD00A466D1 /* ViewController.swift */; };
		1868E53D2032CFDD00A466D1 /* Main.storyboard in Resources */ = {isa = PBXBuildFile; fileRef = 1868E53B2032CFDD00A466D1 /* Main.storyboard */; };
		1868E53F2032CFDD00A466D1 /* Assets.xcassets in Resources */ = {isa = PBXBuildFile; fileRef = 1868E53E2032CFDD00A466D1 /* Assets.xcassets */; };
		1868E5422032CFDD00A466D1 /* LaunchScreen.storyboard in Resources */ = {isa = PBXBuildFile; fileRef = 1868E5402032CFDD00A466D1 /* LaunchScreen.storyboard */; };
		1868E54A2032D05300A466D1 /* Podfile in Resources */ = {isa = PBXBuildFile; fileRef = 1868E5492032D05300A466D1 /* Podfile */; };
		1868E54C2032D18100A466D1 /* Info.plist in Resources */ = {isa = PBXBuildFile; fileRef = 1868E54B2032D18100A466D1 /* Info.plist */; };
		DD0518D9A0258D23EA491035 /* Pods_Coffee_4SquareRealm.framework in Frameworks */ = {isa = PBXBuildFile; fileRef = D1D359EBF43B8E6130326DED /* Pods_Coffee_4SquareRealm.framework */; };
/* End PBXBuildFile section */

/* Begin PBXFileReference section */
		1868E5342032CFDD00A466D1 /* Coffee_4SquareRealm.app */ = {isa = PBXFileReference; explicitFileType = wrapper.application; includeInIndex = 0; path = Coffee_4SquareRealm.app; sourceTree = BUILT_PRODUCTS_DIR; };
		1868E5372032CFDD00A466D1 /* AppDelegate.swift */ = {isa = PBXFileReference; lastKnownFileType = sourcecode.swift; path = AppDelegate.swift; sourceTree = "<group>"; };
		1868E5392032CFDD00A466D1 /* ViewController.swift */ = {isa = PBXFileReference; lastKnownFileType = sourcecode.swift; path = ViewController.swift; sourceTree = "<group>"; };
		1868E53C2032CFDD00A466D1 /* Base */ = {isa = PBXFileReference; lastKnownFileType = file.storyboard; name = Base; path = Base.lproj/Main.storyboard; sourceTree = "<group>"; };
		1868E53E2032CFDD00A466D1 /* Assets.xcassets */ = {isa = PBXFileReference; lastKnownFileType = folder.assetcatalog; path = Assets.xcassets; sourceTree = "<group>"; };
		1868E5412032CFDD00A466D1 /* Base */ = {isa = PBXFileReference; lastKnownFileType = file.storyboard; name = Base; path = Base.lproj/LaunchScreen.storyboard; sourceTree = "<group>"; };
		1868E5432032CFDD00A466D1 /* Info.plist */ = {isa = PBXFileReference; lastKnownFileType = text.plist.xml; path = Info.plist; sourceTree = "<group>"; };
		1868E5492032D05300A466D1 /* Podfile */ = {isa = PBXFileReference; lastKnownFileType = text; path = Podfile; sourceTree = "<group>"; };
		1868E54B2032D18100A466D1 /* Info.plist */ = {isa = PBXFileReference; lastKnownFileType = text.plist; path = Info.plist; sourceTree = SOURCE_ROOT; };
		721B2D5DFF9E242426604141 /* Pods-Coffee_4SquareRealm.release.xcconfig */ = {isa = PBXFileReference; includeInIndex = 1; lastKnownFileType = text.xcconfig; name = "Pods-Coffee_4SquareRealm.release.xcconfig"; path = "Pods/Target Support Files/Pods-Coffee_4SquareRealm/Pods-Coffee_4SquareRealm.release.xcconfig"; sourceTree = "<group>"; };
		994B9AF3CC4FC9E732C26DBB /* Pods-Coffee_4SquareRealm.debug.xcconfig */ = {isa = PBXFileReference; includeInIndex = 1; lastKnownFileType = text.xcconfig; name = "Pods-Coffee_4SquareRealm.debug.xcconfig"; path = "Pods/Target Support Files/Pods-Coffee_4SquareRealm/Pods-Coffee_4SquareRealm.debug.xcconfig"; sourceTree = "<group>"; };
		D1D359EBF43B8E6130326DED /* Pods_Coffee_4SquareRealm.framework */ = {isa = PBXFileReference; explicitFileType = wrapper.framework; includeInIndex = 0; path = Pods_Coffee_4SquareRealm.framework; sourceTree = BUILT_PRODUCTS_DIR; };
/* End PBXFileReference section */

/* Begin PBXFrameworksBuildPhase section */
		1868E5312032CFDD00A466D1 /* Frameworks */ = {
			isa = PBXFrameworksBuildPhase;
			buildActionMask = 2147483647;
			files = (
				DD0518D9A0258D23EA491035 /* Pods_Coffee_4SquareRealm.framework in Frameworks */,
			);
			runOnlyForDeploymentPostprocessing = 0;
		};
/* End PBXFrameworksBuildPhase section */

/* Begin PBXGroup section */
		1868E52B2032CFDD00A466D1 = {
			isa = PBXGroup;
			children = (
				1868E5362032CFDD00A466D1 /* Coffee_4SquareRealm */,
				1868E5352032CFDD00A466D1 /* Products */,
				CBF270A77312E3CD1069A601 /* Pods */,
				3E70B8D198F02407AECF53FB /* Frameworks */,
			);
			sourceTree = "<group>";
		};
		1868E5352032CFDD00A466D1 /* Products */ = {
			isa = PBXGroup;
			children = (
				1868E5342032CFDD00A466D1 /* Coffee_4SquareRealm.app */,
			);
			name = Products;
			sourceTree = "<group>";
		};
		1868E5362032CFDD00A466D1 /* Coffee_4SquareRealm */ = {
			isa = PBXGroup;
			children = (
				1868E5372032CFDD00A466D1 /* AppDelegate.swift */,
				1868E5392032CFDD00A466D1 /* ViewController.swift */,
				1868E53B2032CFDD00A466D1 /* Main.storyboard */,
				1868E53E2032CFDD00A466D1 /* Assets.xcassets */,
				1868E5402032CFDD00A466D1 /* LaunchScreen.storyboard */,
				1868E5432032CFDD00A466D1 /* Info.plist */,
				1868E5492032D05300A466D1 /* Podfile */,
				1868E54B2032D18100A466D1 /* Info.plist */,
			);
			path = Coffee_4SquareRealm;
			sourceTree = "<group>";
		};
		3E70B8D198F02407AECF53FB /* Frameworks */ = {
			isa = PBXGroup;
			children = (
				D1D359EBF43B8E6130326DED /* Pods_Coffee_4SquareRealm.framework */,
			);
			name = Frameworks;
			sourceTree = "<group>";
		};
		CBF270A77312E3CD1069A601 /* Pods */ = {
			isa = PBXGroup;
			children = (
				994B9AF3CC4FC9E732C26DBB /* Pods-Coffee_4SquareRealm.debug.xcconfig */,
				721B2D5DFF9E242426604141 /* Pods-Coffee_4SquareRealm.release.xcconfig */,
			);
			name = Pods;
			sourceTree = "<group>";
		};
/* End PBXGroup section */

/* Begin PBXNativeTarget section */
		1868E5332032CFDD00A466D1 /* Coffee_4SquareRealm */ = {
			isa = PBXNativeTarget;
			buildConfigurationList = 1868E5462032CFDD00A466D1 /* Build configuration list for PBXNativeTarget "Coffee_4SquareRealm" */;
			buildPhases = (
				268BB772EA0CED15416FFC13 /* [CP] Check Pods Manifest.lock */,
				1868E5302032CFDD00A466D1 /* Sources */,
				1868E5312032CFDD00A466D1 /* Frameworks */,
				1868E5322032CFDD00A466D1 /* Resources */,
				73B4E82C7F699C2BDD230C63 /* [CP] Embed Pods Frameworks */,
				105E3A7E85974676B64EDA2F /* [CP] Copy Pods Resources */,
			);
			buildRules = (
			);
			dependencies = (
			);
			name = Coffee_4SquareRealm;
			productName = Coffee_4SquareRealm;
			productReference = 1868E5342032CFDD00A466D1 /* Coffee_4SquareRealm.app */;
			productType = "com.apple.product-type.application";
		};
/* End PBXNativeTarget section */

/* Begin PBXProject section */
		1868E52C2032CFDD00A466D1 /* Project object */ = {
			isa = PBXProject;
			attributes = {
				LastSwiftUpdateCheck = 0920;
				LastUpgradeCheck = 0920;
				ORGANIZATIONNAME = Gamma404;
				TargetAttributes = {
					1868E5332032CFDD00A466D1 = {
						CreatedOnToolsVersion = 9.2;
						ProvisioningStyle = Automatic;
					};
				};
			};
			buildConfigurationList = 1868E52F2032CFDD00A466D1 /* Build configuration list for PBXProject "Coffee_4SquareRealm" */;
			compatibilityVersion = "Xcode 8.0";
			developmentRegion = en;
			hasScannedForEncodings = 0;
			knownRegions = (
				en,
				Base,
			);
			mainGroup = 1868E52B2032CFDD00A466D1;
			productRefGroup = 1868E5352032CFDD00A466D1 /* Products */;
			projectDirPath = "";
			projectRoot = "";
			targets = (
				1868E5332032CFDD00A466D1 /* Coffee_4SquareRealm */,
			);
		};
/* End PBXProject section */

/* Begin PBXResourcesBuildPhase section */
		1868E5322032CFDD00A466D1 /* Resources */ = {
			isa = PBXResourcesBuildPhase;
			buildActionMask = 2147483647;
			files = (
				1868E5422032CFDD00A466D1 /* LaunchScreen.storyboard in Resources */,
				1868E53F2032CFDD00A466D1 /* Assets.xcassets in Resources */,
				1868E54A2032D05300A466D1 /* Podfile in Resources */,
				1868E54C2032D18100A466D1 /* Info.plist in Resources */,
				1868E53D2032CFDD00A466D1 /* Main.storyboard in Resources */,
			);
			runOnlyForDeploymentPostprocessing = 0;
		};
/* End PBXResourcesBuildPhase section */

/* Begin PBXShellScriptBuildPhase section */
		105E3A7E85974676B64EDA2F /* [CP] Copy Pods Resources */ = {
			isa = PBXShellScriptBuildPhase;
			buildActionMask = 2147483647;
			files = (
			);
			inputPaths = (
			);
			name = "[CP] Copy Pods Resources";
			outputPaths = (
			);
			runOnlyForDeploymentPostprocessing = 0;
			shellPath = /bin/sh;
			shellScript = "\"${SRCROOT}/Pods/Target Support Files/Pods-Coffee_4SquareRealm/Pods-Coffee_4SquareRealm-resources.sh\"\n";
			showEnvVarsInLog = 0;
		};
		268BB772EA0CED15416FFC13 /* [CP] Check Pods Manifest.lock */ = {
			isa = PBXShellScriptBuildPhase;
			buildActionMask = 2147483647;
			files = (
			);
			inputPaths = (
				"${PODS_PODFILE_DIR_PATH}/Podfile.lock",
				"${PODS_ROOT}/Manifest.lock",
			);
			name = "[CP] Check Pods Manifest.lock";
			outputPaths = (
				"$(DERIVED_FILE_DIR)/Pods-Coffee_4SquareRealm-checkManifestLockResult.txt",
			);
			runOnlyForDeploymentPostprocessing = 0;
			shellPath = /bin/sh;
			shellScript = "diff \"${PODS_PODFILE_DIR_PATH}/Podfile.lock\" \"${PODS_ROOT}/Manifest.lock\" > /dev/null\nif [ $? != 0 ] ; then\n    # print error to STDERR\n    echo \"error: The sandbox is not in sync with the Podfile.lock. Run 'pod install' or update your CocoaPods installation.\" >&2\n    exit 1\nfi\n# This output is used by Xcode 'outputs' to avoid re-running this script phase.\necho \"SUCCESS\" > \"${SCRIPT_OUTPUT_FILE_0}\"\n";
			showEnvVarsInLog = 0;
		};
		73B4E82C7F699C2BDD230C63 /* [CP] Embed Pods Frameworks */ = {
			isa = PBXShellScriptBuildPhase;
			buildActionMask = 2147483647;
			files = (
			);
			inputPaths = (
				"${SRCROOT}/Pods/Target Support Files/Pods-Coffee_4SquareRealm/Pods-Coffee_4SquareRealm-frameworks.sh",
				"${BUILT_PRODUCTS_DIR}/BlueSocket/Socket.framework",
				"${BUILT_PRODUCTS_DIR}/EasyAnimation/EasyAnimation.framework",
				"${BUILT_PRODUCTS_DIR}/PKHUD/PKHUD.framework",
				"${BUILT_PRODUCTS_DIR}/QuadratTouch/QuadratTouch.framework",
				"${BUILT_PRODUCTS_DIR}/Realm/Realm.framework",
				"${BUILT_PRODUCTS_DIR}/RealmSwift/RealmSwift.framework",
				"${BUILT_PRODUCTS_DIR}/SwiftNotificationCenter/SwiftNotificationCenter.framework",
			);
			name = "[CP] Embed Pods Frameworks";
			outputPaths = (
				"${TARGET_BUILD_DIR}/${FRAMEWORKS_FOLDER_PATH}/Socket.framework",
				"${TARGET_BUILD_DIR}/${FRAMEWORKS_FOLDER_PATH}/EasyAnimation.framework",
				"${TARGET_BUILD_DIR}/${FRAMEWORKS_FOLDER_PATH}/PKHUD.framework",
				"${TARGET_BUILD_DIR}/${FRAMEWORKS_FOLDER_PATH}/QuadratTouch.framework",
				"${TARGET_BUILD_DIR}/${FRAMEWORKS_FOLDER_PATH}/Realm.framework",
				"${TARGET_BUILD_DIR}/${FRAMEWORKS_FOLDER_PATH}/RealmSwift.framework",
				"${TARGET_BUILD_DIR}/${FRAMEWORKS_FOLDER_PATH}/SwiftNotificationCenter.framework",
			);
			runOnlyForDeploymentPostprocessing = 0;
			shellPath = /bin/sh;
			shellScript = "\"${SRCROOT}/Pods/Target Support Files/Pods-Coffee_4SquareRealm/Pods-Coffee_4SquareRealm-frameworks.sh\"\n";
			showEnvVarsInLog = 0;
		};
/* End PBXShellScriptBuildPhase section */

/* Begin PBXSourcesBuildPhase section */
		1868E5302032CFDD00A466D1 /* Sources */ = {
			isa = PBXSourcesBuildPhase;
			buildActionMask = 2147483647;
			files = (
				1868E53A2032CFDD00A466D1 /* ViewController.swift in Sources */,
				1868E5382032CFDD00A466D1 /* AppDelegate.swift in Sources */,
			);
			runOnlyForDeploymentPostprocessing = 0;
		};
/* End PBXSourcesBuildPhase section */

/* Begin PBXVariantGroup section */
		1868E53B2032CFDD00A466D1 /* Main.storyboard */ = {
			isa = PBXVariantGroup;
			children = (
				1868E53C2032CFDD00A466D1 /* Base */,
			);
			name = Main.storyboard;
			sourceTree = "<group>";
		};
		1868E5402032CFDD00A466D1 /* LaunchScreen.storyboard */ = {
			isa = PBXVariantGroup;
			children = (
				1868E5412032CFDD00A466D1 /* Base */,
			);
			name = LaunchScreen.storyboard;
			sourceTree = "<group>";
		};
/* End PBXVariantGroup section */

/* Begin XCBuildConfiguration section */
		1868E5442032CFDD00A466D1 /* Debug */ = {
			isa = XCBuildConfiguration;
			buildSettings = {
				ALWAYS_SEARCH_USER_PATHS = NO;
				CLANG_ANALYZER_NONNULL = YES;
				CLANG_ANALYZER_NUMBER_OBJECT_CONVERSION = YES_AGGRESSIVE;
				CLANG_CXX_LANGUAGE_STANDARD = "gnu++14";
				CLANG_CXX_LIBRARY = "libc++";
				CLANG_ENABLE_MODULES = YES;
				CLANG_ENABLE_OBJC_ARC = YES;
				CLANG_WARN_BLOCK_CAPTURE_AUTORELEASING = YES;
				CLANG_WARN_BOOL_CONVERSION = YES;
				CLANG_WARN_COMMA = YES;
				CLANG_WARN_CONSTANT_CONVERSION = YES;
				CLANG_WARN_DIRECT_OBJC_ISA_USAGE = YES_ERROR;
				CLANG_WARN_DOCUMENTATION_COMMENTS = YES;
				CLANG_WARN_EMPTY_BODY = YES;
				CLANG_WARN_ENUM_CONVERSION = YES;
				CLANG_WARN_INFINITE_RECURSION = YES;
				CLANG_WARN_INT_CONVERSION = YES;
				CLANG_WARN_NON_LITERAL_NULL_CONVERSION = YES;
				CLANG_WARN_OBJC_LITERAL_CONVERSION = YES;
				CLANG_WARN_OBJC_ROOT_CLASS = YES_ERROR;
				CLANG_WARN_RANGE_LOOP_ANALYSIS = YES;
				CLANG_WARN_STRICT_PROTOTYPES = YES;
				CLANG_WARN_SUSPICIOUS_MOVE = YES;
				CLANG_WARN_UNGUARDED_AVAILABILITY = YES_AGGRESSIVE;
				CLANG_WARN_UNREACHABLE_CODE = YES;
				CLANG_WARN__DUPLICATE_METHOD_MATCH = YES;
				CODE_SIGN_IDENTITY = "iPhone Developer";
				COPY_PHASE_STRIP = NO;
				DEBUG_INFORMATION_FORMAT = dwarf;
				ENABLE_STRICT_OBJC_MSGSEND = YES;
				ENABLE_TESTABILITY = YES;
				GCC_C_LANGUAGE_STANDARD = gnu11;
				GCC_DYNAMIC_NO_PIC = NO;
				GCC_NO_COMMON_BLOCKS = YES;
				GCC_OPTIMIZATION_LEVEL = 0;
				GCC_PREPROCESSOR_DEFINITIONS = (
					"DEBUG=1",
					"$(inherited)",
				);
				GCC_WARN_64_TO_32_BIT_CONVERSION = YES;
				GCC_WARN_ABOUT_RETURN_TYPE = YES_ERROR;
				GCC_WARN_UNDECLARED_SELECTOR = YES;
				GCC_WARN_UNINITIALIZED_AUTOS = YES_AGGRESSIVE;
				GCC_WARN_UNUSED_FUNCTION = YES;
				GCC_WARN_UNUSED_VARIABLE = YES;
				IPHONEOS_DEPLOYMENT_TARGET = 11.2;
				MTL_ENABLE_DEBUG_INFO = YES;
				ONLY_ACTIVE_ARCH = YES;
				SDKROOT = iphoneos;
				SWIFT_ACTIVE_COMPILATION_CONDITIONS = DEBUG;
				SWIFT_OPTIMIZATION_LEVEL = "-Onone";
			};
			name = Debug;
		};
		1868E5452032CFDD00A466D1 /* Release */ = {
			isa = XCBuildConfiguration;
			buildSettings = {
				ALWAYS_SEARCH_USER_PATHS = NO;
				CLANG_ANALYZER_NONNULL = YES;
				CLANG_ANALYZER_NUMBER_OBJECT_CONVERSION = YES_AGGRESSIVE;
				CLANG_CXX_LANGUAGE_STANDARD = "gnu++14";
				CLANG_CXX_LIBRARY = "libc++";
				CLANG_ENABLE_MODULES = YES;
				CLANG_ENABLE_OBJC_ARC = YES;
				CLANG_WARN_BLOCK_CAPTURE_AUTORELEASING = YES;
				CLANG_WARN_BOOL_CONVERSION = YES;
				CLANG_WARN_COMMA = YES;
				CLANG_WARN_CONSTANT_CONVERSION = YES;
				CLANG_WARN_DIRECT_OBJC_ISA_USAGE = YES_ERROR;
				CLANG_WARN_DOCUMENTATION_COMMENTS = YES;
				CLANG_WARN_EMPTY_BODY = YES;
				CLANG_WARN_ENUM_CONVERSION = YES;
				CLANG_WARN_INFINITE_RECURSION = YES;
				CLANG_WARN_INT_CONVERSION = YES;
				CLANG_WARN_NON_LITERAL_NULL_CONVERSION = YES;
				CLANG_WARN_OBJC_LITERAL_CONVERSION = YES;
				CLANG_WARN_OBJC_ROOT_CLASS = YES_ERROR;
				CLANG_WARN_RANGE_LOOP_ANALYSIS = YES;
				CLANG_WARN_STRICT_PROTOTYPES = YES;
				CLANG_WARN_SUSPICIOUS_MOVE = YES;
				CLANG_WARN_UNGUARDED_AVAILABILITY = YES_AGGRESSIVE;
				CLANG_WARN_UNREACHABLE_CODE = YES;
				CLANG_WARN__DUPLICATE_METHOD_MATCH = YES;
				CODE_SIGN_IDENTITY = "iPhone Developer";
				COPY_PHASE_STRIP = NO;
				DEBUG_INFORMATION_FORMAT = "dwarf-with-dsym";
				ENABLE_NS_ASSERTIONS = NO;
				ENABLE_STRICT_OBJC_MSGSEND = YES;
				GCC_C_LANGUAGE_STANDARD = gnu11;
				GCC_NO_COMMON_BLOCKS = YES;
				GCC_WARN_64_TO_32_BIT_CONVERSION = YES;
				GCC_WARN_ABOUT_RETURN_TYPE = YES_ERROR;
				GCC_WARN_UNDECLARED_SELECTOR = YES;
				GCC_WARN_UNINITIALIZED_AUTOS = YES_AGGRESSIVE;
				GCC_WARN_UNUSED_FUNCTION = YES;
				GCC_WARN_UNUSED_VARIABLE = YES;
				IPHONEOS_DEPLOYMENT_TARGET = 11.2;
				MTL_ENABLE_DEBUG_INFO = NO;
				SDKROOT = iphoneos;
				SWIFT_OPTIMIZATION_LEVEL = "-Owholemodule";
				VALIDATE_PRODUCT = YES;
			};
			name = Release;
		};
		1868E5472032CFDD00A466D1 /* Debug */ = {
			isa = XCBuildConfiguration;
			baseConfigurationReference = 994B9AF3CC4FC9E732C26DBB /* Pods-Coffee_4SquareRealm.debug.xcconfig */;
			buildSettings = {
				ASSETCATALOG_COMPILER_APPICON_NAME = AppIcon;
				CODE_SIGN_STYLE = Automatic;
				INFOPLIST_FILE = Coffee_4SquareRealm/Info.plist;
				LD_RUNPATH_SEARCH_PATHS = "$(inherited) @executable_path/Frameworks";
				PRODUCT_BUNDLE_IDENTIFIER = "edu.self.Coffee-4SquareRealm";
				PRODUCT_NAME = "$(TARGET_NAME)";
				SWIFT_VERSION = 4.0;
				TARGETED_DEVICE_FAMILY = "1,2";
			};
			name = Debug;
		};
		1868E5482032CFDD00A466D1 /* Release */ = {
			isa = XCBuildConfiguration;
			baseConfigurationReference = 721B2D5DFF9E242426604141 /* Pods-Coffee_4SquareRealm.release.xcconfig */;
			buildSettings = {
				ASSETCATALOG_COMPILER_APPICON_NAME = AppIcon;
				CODE_SIGN_STYLE = Automatic;
				INFOPLIST_FILE = Coffee_4SquareRealm/Info.plist;
				LD_RUNPATH_SEARCH_PATHS = "$(inherited) @executable_path/Frameworks";
				PRODUCT_BUNDLE_IDENTIFIER = "edu.self.Coffee-4SquareRealm";
				PRODUCT_NAME = "$(TARGET_NAME)";
				SWIFT_VERSION = 4.0;
				TARGETED_DEVICE_FAMILY = "1,2";
			};
			name = Release;
		};
/* End XCBuildConfiguration section */

/* Begin XCConfigurationList section */
		1868E52F2032CFDD00A466D1 /* Build configuration list for PBXProject "Coffee_4SquareRealm" */ = {
			isa = XCConfigurationList;
			buildConfigurations = (
				1868E5442032CFDD00A466D1 /* Debug */,
				1868E5452032CFDD00A466D1 /* Release */,
			);
			defaultConfigurationIsVisible = 0;
			defaultConfigurationName = Release;
		};
		1868E5462032CFDD00A466D1 /* Build configuration list for PBXNativeTarget "Coffee_4SquareRealm" */ = {
			isa = XCConfigurationList;
			buildConfigurations = (
				1868E5472032CFDD00A466D1 /* Debug */,
				1868E5482032CFDD00A466D1 /* Release */,
			);
			defaultConfigurationIsVisible = 0;
			defaultConfigurationName = Release;
		};
/* End XCConfigurationList section */
	};
	rootObject = 1868E52C2032CFDD00A466D1 /* Project object */;
}
